// !$*UTF8*$!
{
	archiveVersion = 1;
	classes = {
	};
	objectVersion = 46;
	objects = {

/* Begin PBXBuildFile section */
		E43970BB1D66BDFA00562C74 /* main.m in Sources */ = {isa = PBXBuildFile; fileRef = E43970BA1D66BDFA00562C74 /* main.m */; };
		E43970BE1D66BDFA00562C74 /* AppDelegate.m in Sources */ = {isa = PBXBuildFile; fileRef = E43970BD1D66BDFA00562C74 /* AppDelegate.m */; };
		E43970C11D66BDFA00562C74 /* ViewController.m in Sources */ = {isa = PBXBuildFile; fileRef = E43970C01D66BDFA00562C74 /* ViewController.m */; };
		E43970C41D66BDFA00562C74 /* Main.storyboard in Resources */ = {isa = PBXBuildFile; fileRef = E43970C21D66BDFA00562C74 /* Main.storyboard */; };
		E43970C61D66BDFA00562C74 /* Assets.xcassets in Resources */ = {isa = PBXBuildFile; fileRef = E43970C51D66BDFA00562C74 /* Assets.xcassets */; };
		E43970C91D66BDFA00562C74 /* LaunchScreen.storyboard in Resources */ = {isa = PBXBuildFile; fileRef = E43970C71D66BDFA00562C74 /* LaunchScreen.storyboard */; };
		E43970E21D66E78F00562C74 /* Marquee.m in Sources */ = {isa = PBXBuildFile; fileRef = E43970E11D66E78F00562C74 /* Marquee.m */; };
		E43970E51D66E80100562C74 /* MarqueeWaterFlowLayout.m in Sources */ = {isa = PBXBuildFile; fileRef = E43970E41D66E80100562C74 /* MarqueeWaterFlowLayout.m */; };
		E43970EC1D66FF5700562C74 /* MarqueeCollectionViewCell.m in Sources */ = {isa = PBXBuildFile; fileRef = E43970EA1D66FF5700562C74 /* MarqueeCollectionViewCell.m */; };
		E43970ED1D66FF5700562C74 /* MarqueeCollectionViewCell.xib in Resources */ = {isa = PBXBuildFile; fileRef = E43970EB1D66FF5700562C74 /* MarqueeCollectionViewCell.xib */; };
/* End PBXBuildFile section */

/* Begin PBXFileReference section */
		E43970B61D66BDFA00562C74 /* JustinMarquee.app */ = {isa = PBXFileReference; explicitFileType = wrapper.application; includeInIndex = 0; path = JustinMarquee.app; sourceTree = BUILT_PRODUCTS_DIR; };
		E43970BA1D66BDFA00562C74 /* main.m */ = {isa = PBXFileReference; lastKnownFileType = sourcecode.c.objc; path = main.m; sourceTree = "<group>"; };
		E43970BC1D66BDFA00562C74 /* AppDelegate.h */ = {isa = PBXFileReference; lastKnownFileType = sourcecode.c.h; path = AppDelegate.h; sourceTree = "<group>"; };
		E43970BD1D66BDFA00562C74 /* AppDelegate.m */ = {isa = PBXFileReference; lastKnownFileType = sourcecode.c.objc; path = AppDelegate.m; sourceTree = "<group>"; };
		E43970BF1D66BDFA00562C74 /* ViewController.h */ = {isa = PBXFileReference; lastKnownFileType = sourcecode.c.h; path = ViewController.h; sourceTree = "<group>"; };
		E43970C01D66BDFA00562C74 /* ViewController.m */ = {isa = PBXFileReference; lastKnownFileType = sourcecode.c.objc; path = ViewController.m; sourceTree = "<group>"; };
		E43970C31D66BDFA00562C74 /* Base */ = {isa = PBXFileReference; lastKnownFileType = file.storyboard; name = Base; path = Base.lproj/Main.storyboard; sourceTree = "<group>"; };
		E43970C51D66BDFA00562C74 /* Assets.xcassets */ = {isa = PBXFileReference; lastKnownFileType = folder.assetcatalog; path = Assets.xcassets; sourceTree = "<group>"; };
		E43970C81D66BDFA00562C74 /* Base */ = {isa = PBXFileReference; lastKnownFileType = file.storyboard; name = Base; path = Base.lproj/LaunchScreen.storyboard; sourceTree = "<group>"; };
		E43970CA1D66BDFA00562C74 /* Info.plist */ = {isa = PBXFileReference; lastKnownFileType = text.plist.xml; path = Info.plist; sourceTree = "<group>"; };
		E43970E01D66E78F00562C74 /* Marquee.h */ = {isa = PBXFileReference; fileEncoding = 4; lastKnownFileType = sourcecode.c.h; path = Marquee.h; sourceTree = "<group>"; };
		E43970E11D66E78F00562C74 /* Marquee.m */ = {isa = PBXFileReference; fileEncoding = 4; lastKnownFileType = sourcecode.c.objc; path = Marquee.m; sourceTree = "<group>"; };
		E43970E31D66E80100562C74 /* MarqueeWaterFlowLayout.h */ = {isa = PBXFileReference; fileEncoding = 4; lastKnownFileType = sourcecode.c.h; path = MarqueeWaterFlowLayout.h; sourceTree = "<group>"; };
		E43970E41D66E80100562C74 /* MarqueeWaterFlowLayout.m */ = {isa = PBXFileReference; fileEncoding = 4; lastKnownFileType = sourcecode.c.objc; path = MarqueeWaterFlowLayout.m; sourceTree = "<group>"; };
		E43970E91D66FF5700562C74 /* MarqueeCollectionViewCell.h */ = {isa = PBXFileReference; fileEncoding = 4; lastKnownFileType = sourcecode.c.h; path = MarqueeCollectionViewCell.h; sourceTree = "<group>"; };
		E43970EA1D66FF5700562C74 /* MarqueeCollectionViewCell.m */ = {isa = PBXFileReference; fileEncoding = 4; lastKnownFileType = sourcecode.c.objc; path = MarqueeCollectionViewCell.m; sourceTree = "<group>"; };
		E43970EB1D66FF5700562C74 /* MarqueeCollectionViewCell.xib */ = {isa = PBXFileReference; fileEncoding = 4; lastKnownFileType = file.xib; path = MarqueeCollectionViewCell.xib; sourceTree = "<group>"; };
/* End PBXFileReference section */

/* Begin PBXFrameworksBuildPhase section */
		E43970B31D66BDFA00562C74 /* Frameworks */ = {
			isa = PBXFrameworksBuildPhase;
			buildActionMask = 2147483647;
			files = (
			);
			runOnlyForDeploymentPostprocessing = 0;
		};
/* End PBXFrameworksBuildPhase section */

/* Begin PBXGroup section */
		E43970AD1D66BDFA00562C74 = {
			isa = PBXGroup;
			children = (
				E43970B81D66BDFA00562C74 /* JustinMarquee */,
				E43970B71D66BDFA00562C74 /* Products */,
			);
			sourceTree = "<group>";
		};
		E43970B71D66BDFA00562C74 /* Products */ = {
			isa = PBXGroup;
			children = (
				E43970B61D66BDFA00562C74 /* JustinMarquee.app */,
			);
			name = Products;
			sourceTree = "<group>";
		};
		E43970B81D66BDFA00562C74 /* JustinMarquee */ = {
			isa = PBXGroup;
			children = (
				E43970BC1D66BDFA00562C74 /* AppDelegate.h */,
				E43970BD1D66BDFA00562C74 /* AppDelegate.m */,
				E43970BF1D66BDFA00562C74 /* ViewController.h */,
				E43970C01D66BDFA00562C74 /* ViewController.m */,
				E43970D31D66BF1B00562C74 /* Marquee */,
				E43970C21D66BDFA00562C74 /* Main.storyboard */,
				E43970C51D66BDFA00562C74 /* Assets.xcassets */,
				E43970C71D66BDFA00562C74 /* LaunchScreen.storyboard */,
				E43970CA1D66BDFA00562C74 /* Info.plist */,
				E43970B91D66BDFA00562C74 /* Supporting Files */,
			);
			path = JustinMarquee;
			sourceTree = "<group>";
		};
		E43970B91D66BDFA00562C74 /* Supporting Files */ = {
			isa = PBXGroup;
			children = (
				E43970BA1D66BDFA00562C74 /* main.m */,
			);
			name = "Supporting Files";
			sourceTree = "<group>";
		};
		E43970D31D66BF1B00562C74 /* Marquee */ = {
			isa = PBXGroup;
			children = (
				E43970E01D66E78F00562C74 /* Marquee.h */,
				E43970E11D66E78F00562C74 /* Marquee.m */,
				E43970E31D66E80100562C74 /* MarqueeWaterFlowLayout.h */,
				E43970E41D66E80100562C74 /* MarqueeWaterFlowLayout.m */,
				E43970E91D66FF5700562C74 /* MarqueeCollectionViewCell.h */,
				E43970EA1D66FF5700562C74 /* MarqueeCollectionViewCell.m */,
				E43970EB1D66FF5700562C74 /* MarqueeCollectionViewCell.xib */,
			);
			path = Marquee;
			sourceTree = "<group>";
		};
/* End PBXGroup section */

/* Begin PBXNativeTarget section */
		E43970B51D66BDFA00562C74 /* JustinMarquee */ = {
			isa = PBXNativeTarget;
			buildConfigurationList = E43970CD1D66BDFA00562C74 /* Build configuration list for PBXNativeTarget "JustinMarquee" */;
			buildPhases = (
				E43970B21D66BDFA00562C74 /* Sources */,
				E43970B31D66BDFA00562C74 /* Frameworks */,
				E43970B41D66BDFA00562C74 /* Resources */,
			);
			buildRules = (
			);
			dependencies = (
			);
			name = JustinMarquee;
			productName = JustinMarquee;
			productReference = E43970B61D66BDFA00562C74 /* JustinMarquee.app */;
			productType = "com.apple.product-type.application";
		};
/* End PBXNativeTarget section */

/* Begin PBXProject section */
		E43970AE1D66BDFA00562C74 /* Project object */ = {
			isa = PBXProject;
			attributes = {
				LastUpgradeCheck = 0730;
				ORGANIZATIONNAME = JustinChou;
				TargetAttributes = {
					E43970B51D66BDFA00562C74 = {
						CreatedOnToolsVersion = 7.3.1;
						DevelopmentTeam = HTG5LA69R5;
					};
				};
			};
			buildConfigurationList = E43970B11D66BDFA00562C74 /* Build configuration list for PBXProject "JustinMarquee" */;
			compatibilityVersion = "Xcode 3.2";
			developmentRegion = English;
			hasScannedForEncodings = 0;
			knownRegions = (
				en,
				Base,
			);
			mainGroup = E43970AD1D66BDFA00562C74;
			productRefGroup = E43970B71D66BDFA00562C74 /* Products */;
			projectDirPath = "";
			projectRoot = "";
			targets = (
				E43970B51D66BDFA00562C74 /* JustinMarquee */,
			);
		};
/* End PBXProject section */

/* Begin PBXResourcesBuildPhase section */
		E43970B41D66BDFA00562C74 /* Resources */ = {
			isa = PBXResourcesBuildPhase;
			buildActionMask = 2147483647;
			files = (
				E43970C91D66BDFA00562C74 /* LaunchScreen.storyboard in Resources */,
				E43970ED1D66FF5700562C74 /* MarqueeCollectionViewCell.xib in Resources */,
				E43970C61D66BDFA00562C74 /* Assets.xcassets in Resources */,
				E43970C41D66BDFA00562C74 /* Main.storyboard in Resources */,
			);
			runOnlyForDeploymentPostprocessing = 0;
		};
/* End PBXResourcesBuildPhase section */

/* Begin PBXSourcesBuildPhase section */
		E43970B21D66BDFA00562C74 /* Sources */ = {
			isa = PBXSourcesBuildPhase;
			buildActionMask = 2147483647;
			files = (
				E43970E51D66E80100562C74 /* MarqueeWaterFlowLayout.m in Sources */,
				E43970C11D66BDFA00562C74 /* ViewController.m in Sources */,
				E43970BE1D66BDFA00562C74 /* AppDelegate.m in Sources */,
				E43970EC1D66FF5700562C74 /* MarqueeCollectionViewCell.m in Sources */,
				E43970BB1D66BDFA00562C74 /* main.m in Sources */,
				E43970E21D66E78F00562C74 /* Marquee.m in Sources */,
			);
			runOnlyForDeploymentPostprocessing = 0;
		};
/* End PBXSourcesBuildPhase section */

/* Begin PBXVariantGroup section */
		E43970C21D66BDFA00562C74 /* Main.storyboard */ = {
			isa = PBXVariantGroup;
			children = (
				E43970C31D66BDFA00562C74 /* Base */,
			);
			name = Main.storyboard;
			sourceTree = "<group>";
		};
		E43970C71D66BDFA00562C74 /* LaunchScreen.storyboard */ = {
			isa = PBXVariantGroup;
			children = (
				E43970C81D66BDFA00562C74 /* Base */,
			);
			name = LaunchScreen.storyboard;
			sourceTree = "<group>";
		};
/* End PBXVariantGroup section */

/* Begin XCBuildConfiguration section */
		E43970CB1D66BDFA00562C74 /* Debug */ = {
			isa = XCBuildConfiguration;
			buildSettings = {
				ALWAYS_SEARCH_USER_PATHS = NO;
				CLANG_ANALYZER_NONNULL = YES;
				CLANG_CXX_LANGUAGE_STANDARD = "gnu++0x";
				CLANG_CXX_LIBRARY = "libc++";
				CLANG_ENABLE_MODULES = YES;
				CLANG_ENABLE_OBJC_ARC = YES;
				CLANG_WARN_BOOL_CONVERSION = YES;
				CLANG_WARN_CONSTANT_CONVERSION = YES;
				CLANG_WARN_DIRECT_OBJC_ISA_USAGE = YES_ERROR;
				CLANG_WARN_EMPTY_BODY = YES;
				CLANG_WARN_ENUM_CONVERSION = YES;
				CLANG_WARN_INT_CONVERSION = YES;
				CLANG_WARN_OBJC_ROOT_CLASS = YES_ERROR;
				CLANG_WARN_UNREACHABLE_CODE = YES;
				CLANG_WARN__DUPLICATE_METHOD_MATCH = YES;
				"CODE_SIGN_IDENTITY[sdk=iphoneos*]" = "iPhone Developer";
				COPY_PHASE_STRIP = NO;
				DEBUG_INFORMATION_FORMAT = dwarf;
				ENABLE_STRICT_OBJC_MSGSEND = YES;
				ENABLE_TESTABILITY = YES;
				GCC_C_LANGUAGE_STANDARD = gnu99;
				GCC_DYNAMIC_NO_PIC = NO;
				GCC_NO_COMMON_BLOCKS = YES;
				GCC_OPTIMIZATION_LEVEL = 0;
				GCC_PREPROCESSOR_DEFINITIONS = (
					"DEBUG=1",
					"$(inherited)",
				);
				GCC_WARN_64_TO_32_BIT_CONVERSION = YES;
				GCC_WARN_ABOUT_RETURN_TYPE = YES_ERROR;
				GCC_WARN_UNDECLARED_SELECTOR = YES;
				GCC_WARN_UNINITIALIZED_AUTOS = YES_AGGRESSIVE;
				GCC_WARN_UNUSED_FUNCTION = YES;
				GCC_WARN_UNUSED_VARIABLE = YES;
				IPHONEOS_DEPLOYMENT_TARGET = 9.3;
				MTL_ENABLE_DEBUG_INFO = YES;
				ONLY_ACTIVE_ARCH = YES;
				SDKROOT = iphoneos;
				TARGETED_DEVICE_FAMILY = "1,2";
			};
			name = Debug;
		};
		E43970CC1D66BDFA00562C74 /* Release */ = {
			isa = XCBuildConfiguration;
			buildSettings = {
				ALWAYS_SEARCH_USER_PATHS = NO;
				CLANG_ANALYZER_NONNULL = YES;
				CLANG_CXX_LANGUAGE_STANDARD = "gnu++0x";
				CLANG_CXX_LIBRARY = "libc++";
				CLANG_ENABLE_MODULES = YES;
				CLANG_ENABLE_OBJC_ARC = YES;
				CLANG_WARN_BOOL_CONVERSION = YES;
				CLANG_WARN_CONSTANT_CONVERSION = YES;
				CLANG_WARN_DIRECT_OBJC_ISA_USAGE = YES_ERROR;
				CLANG_WARN_EMPTY_BODY = YES;
				CLANG_WARN_ENUM_CONVERSION = YES;
				CLANG_WARN_INT_CONVERSION = YES;
				CLANG_WARN_OBJC_ROOT_CLASS = YES_ERROR;
				CLANG_WARN_UNREACHABLE_CODE = YES;
				CLANG_WARN__DUPLICATE_METHOD_MATCH = YES;
				"CODE_SIGN_IDENTITY[sdk=iphoneos*]" = "iPhone Developer";
				COPY_PHASE_STRIP = NO;
				DEBUG_INFORMATION_FORMAT = "dwarf-with-dsym";
				ENABLE_NS_ASSERTIONS = NO;
				ENABLE_STRICT_OBJC_MSGSEND = YES;
				GCC_C_LANGUAGE_STANDARD = gnu99;
				GCC_NO_COMMON_BLOCKS = YES;
				GCC_WARN_64_TO_32_BIT_CONVERSION = YES;
				GCC_WARN_ABOUT_RETURN_TYPE = YES_ERROR;
				GCC_WARN_UNDECLARED_SELECTOR = YES;
				GCC_WARN_UNINITIALIZED_AUTOS = YES_AGGRESSIVE;
				GCC_WARN_UNUSED_FUNCTION = YES;
				GCC_WARN_UNUSED_VARIABLE = YES;
				IPHONEOS_DEPLOYMENT_TARGET = 9.3;
				MTL_ENABLE_DEBUG_INFO = NO;
				SDKROOT = iphoneos;
				TARGETED_DEVICE_FAMILY = "1,2";
				VALIDATE_PRODUCT = YES;
			};
			name = Release;
		};
		E43970CE1D66BDFA00562C74 /* Debug */ = {
			isa = XCBuildConfiguration;
			buildSettings = {
				ASSETCATALOG_COMPILER_APPICON_NAME = AppIcon;
				INFOPLIST_FILE = JustinMarquee/Info.plist;
				LD_RUNPATH_SEARCH_PATHS = "$(inherited) @executable_path/Frameworks";
				PRODUCT_BUNDLE_IDENTIFIER = com.Avazu.www.JustinMarquee;
				PRODUCT_NAME = "$(TARGET_NAME)";
			};
			name = Debug;
		};
		E43970CF1D66BDFA00562C74 /* Release */ = {
			isa = XCBuildConfiguration;
			buildSettings = {
				ASSETCATALOG_COMPILER_APPICON_NAME = AppIcon;
				INFOPLIST_FILE = JustinMarquee/Info.plist;
				LD_RUNPATH_SEARCH_PATHS = "$(inherited) @executable_path/Frameworks";
				PRODUCT_BUNDLE_IDENTIFIER = com.Avazu.www.JustinMarquee;
				PRODUCT_NAME = "$(TARGET_NAME)";
			};
			name = Release;
		};
/* End XCBuildConfiguration section */

/* Begin XCConfigurationList section */
		E43970B11D66BDFA00562C74 /* Build configuration list for PBXProject "JustinMarquee" */ = {
			isa = XCConfigurationList;
			buildConfigurations = (
				E43970CB1D66BDFA00562C74 /* Debug */,
				E43970CC1D66BDFA00562C74 /* Release */,
			);
			defaultConfigurationIsVisible = 0;
			defaultConfigurationName = Release;
		};
		E43970CD1D66BDFA00562C74 /* Build configuration list for PBXNativeTarget "JustinMarquee" */ = {
			isa = XCConfigurationList;
			buildConfigurations = (
				E43970CE1D66BDFA00562C74 /* Debug */,
				E43970CF1D66BDFA00562C74 /* Release */,
			);
			defaultConfigurationIsVisible = 0;
		};
/* End XCConfigurationList section */
	};
	rootObject = E43970AE1D66BDFA00562C74 /* Project object */;
}
